
Microsoft Visual Studio Solution File, Format Version 12.00
# Visual Studio Version 17
VisualStudioVersion = 17.0.32112.339
MinimumVisualStudioVersion = 10.0.40219.1
Project("{9A19103F-16F7-4668-BE54-9A1E7A4F7556}") = "running-out-of-time", "running-out-of-time.csproj", "{B332F484-5FDA-4B78-B622-68070204349E}"
EndProject
Global
	GlobalSection(SolutionConfigurationPlatforms) = preSolution
		Debug|Any CPU = Debug|Any CPU
		Release|Any CPU = Release|Any CPU
	EndGlobalSection
	GlobalSection(ProjectConfigurationPlatforms) = postSolution
		{B332F484-5FDA-4B78-B622-68070204349E}.Debug|Any CPU.ActiveCfg = Debug|Any CPU
		{B332F484-5FDA-4B78-B622-68070204349E}.Debug|Any CPU.Build.0 = Debug|Any CPU
		{B332F484-5FDA-4B78-B622-68070204349E}.Release|Any CPU.ActiveCfg = Release|Any CPU
		{B332F484-5FDA-4B78-B622-68070204349E}.Release|Any CPU.Build.0 = Release|Any CPU
	EndGlobalSection
	GlobalSection(SolutionProperties) = preSolution
		HideSolutionNode = FALSE
	EndGlobalSection
	GlobalSection(ExtensibilityGlobals) = postSolution
		SolutionGuid = {20D7892F-9566-4A1D-AB00-20FA1C6A2EFC}
	EndGlobalSection
EndGlobal
